
Microsoft Visual Studio Solution File, Format Version 12.00
# Visual Studio 14
VisualStudioVersion = 14.0.24720.0
MinimumVisualStudioVersion = 10.0.40219.1
Project("{FAE04EC0-301F-11D3-BF4B-00C04F79EFBC}") = "Week16_DriversDBPractice_04282016", "Week16_DriversDBPractice_04282016\Week16_DriversDBPractice_04282016.csproj", "{970465C6-F9F6-47C1-9577-52E9BD856FCB}"
EndProject
Global
	GlobalSection(SolutionConfigurationPlatforms) = preSolution
		Debug|Any CPU = Debug|Any CPU
		Release|Any CPU = Release|Any CPU
	EndGlobalSection
	GlobalSection(ProjectConfigurationPlatforms) = postSolution
		{970465C6-F9F6-47C1-9577-52E9BD856FCB}.Debug|Any CPU.ActiveCfg = Debug|Any CPU
		{970465C6-F9F6-47C1-9577-52E9BD856FCB}.Debug|Any CPU.Build.0 = Debug|Any CPU
		{970465C6-F9F6-47C1-9577-52E9BD856FCB}.Release|Any CPU.ActiveCfg = Release|Any CPU
		{970465C6-F9F6-47C1-9577-52E9BD856FCB}.Release|Any CPU.Build.0 = Release|Any CPU
	EndGlobalSection
	GlobalSection(SolutionProperties) = preSolution
		HideSolutionNode = FALSE
	EndGlobalSection
EndGlobal
